// !$*UTF8*$!
{
	archiveVersion = 1;
	classes = {
	};
	objectVersion = 56;
	objects = {

/* Begin PBXBuildFile section */
		04D52F502A5FF01E00E3BC03 /* AppDelegate.swift in Sources */ = {isa = PBXBuildFile; fileRef = 04D52F4F2A5FF01E00E3BC03 /* AppDelegate.swift */; };
		04D52F522A5FF01E00E3BC03 /* SceneDelegate.swift in Sources */ = {isa = PBXBuildFile; fileRef = 04D52F512A5FF01E00E3BC03 /* SceneDelegate.swift */; };
		04D52F542A5FF01E00E3BC03 /* ProductsViewController.swift in Sources */ = {isa = PBXBuildFile; fileRef = 04D52F532A5FF01E00E3BC03 /* ProductsViewController.swift */; };
		04D52F592A5FF01F00E3BC03 /* Assets.xcassets in Resources */ = {isa = PBXBuildFile; fileRef = 04D52F582A5FF01F00E3BC03 /* Assets.xcassets */; };
		04D52F5C2A5FF01F00E3BC03 /* LaunchScreen.storyboard in Resources */ = {isa = PBXBuildFile; fileRef = 04D52F5A2A5FF01F00E3BC03 /* LaunchScreen.storyboard */; };
		04D52F652A5FF0C700E3BC03 /* RemoteProduct.swift in Sources */ = {isa = PBXBuildFile; fileRef = 04D52F642A5FF0C700E3BC03 /* RemoteProduct.swift */; };
		04D52F6A2A5FFAC100E3BC03 /* ProductCell.swift in Sources */ = {isa = PBXBuildFile; fileRef = 04D52F682A5FFAC100E3BC03 /* ProductCell.swift */; };
		04D52F6D2A60066300E3BC03 /* ProductsViewController.storyboard in Resources */ = {isa = PBXBuildFile; fileRef = 04D52F6C2A60066300E3BC03 /* ProductsViewController.storyboard */; };
		04D52F6F2A60352100E3BC03 /* RemoteProductsLoader.swift in Sources */ = {isa = PBXBuildFile; fileRef = 04D52F6E2A60352100E3BC03 /* RemoteProductsLoader.swift */; };
		04D52F712A6041DC00E3BC03 /* UIImageView+Extensions.swift in Sources */ = {isa = PBXBuildFile; fileRef = 04D52F702A6041DC00E3BC03 /* UIImageView+Extensions.swift */; };
		04D52F772A6133B800E3BC03 /* ProductsLoader.swift in Sources */ = {isa = PBXBuildFile; fileRef = 04D52F762A6133B800E3BC03 /* ProductsLoader.swift */; };
		04D52F792A6137ED00E3BC03 /* DetailsViewController.swift in Sources */ = {isa = PBXBuildFile; fileRef = 04D52F782A6137ED00E3BC03 /* DetailsViewController.swift */; };
		04D52F7D2A65589700E3BC03 /* DetailsViewController.storyboard in Resources */ = {isa = PBXBuildFile; fileRef = 04D52F7C2A65589700E3BC03 /* DetailsViewController.storyboard */; };
		04D52F7F2A66782800E3BC03 /* CartProduct.swift in Sources */ = {isa = PBXBuildFile; fileRef = 04D52F7E2A66782800E3BC03 /* CartProduct.swift */; };
		04D52FA52A67C1E700E3BC03 /* FakeStoreProjectDataModel.xcdatamodeld in Sources */ = {isa = PBXBuildFile; fileRef = 04D52FA32A67C1E700E3BC03 /* FakeStoreProjectDataModel.xcdatamodeld */; };
		04D52FA72A6914BA00E3BC03 /* TabViewController.swift in Sources */ = {isa = PBXBuildFile; fileRef = 04D52FA62A6914BA00E3BC03 /* TabViewController.swift */; };
		04D52FA92A69162B00E3BC03 /* LikedProductsViewController.swift in Sources */ = {isa = PBXBuildFile; fileRef = 04D52FA82A69162B00E3BC03 /* LikedProductsViewController.swift */; };
		04D52FAB2A69163D00E3BC03 /* CartViewController.swift in Sources */ = {isa = PBXBuildFile; fileRef = 04D52FAA2A69163D00E3BC03 /* CartViewController.swift */; };
		04D52FB82A6E6E9E00E3BC03 /* Product.swift in Sources */ = {isa = PBXBuildFile; fileRef = 04D52FB72A6E6E9E00E3BC03 /* Product.swift */; };
		04D52FBF2A6E71BB00E3BC03 /* LikedProduct+CoreDataClass.swift in Sources */ = {isa = PBXBuildFile; fileRef = 04D52FBD2A6E71BB00E3BC03 /* LikedProduct+CoreDataClass.swift */; };
		04D52FC42A8CBE6200E3BC03 /* AddProduct.swift in Sources */ = {isa = PBXBuildFile; fileRef = 04D52FC32A8CBE6200E3BC03 /* AddProduct.swift */; };
		04D52FC62A8CBFAD00E3BC03 /* CoreDataLikedProductsStore.swift in Sources */ = {isa = PBXBuildFile; fileRef = 04D52FC52A8CBFAD00E3BC03 /* CoreDataLikedProductsStore.swift */; };
		04D52FC82A8CC57F00E3BC03 /* DeleteProduct.swift in Sources */ = {isa = PBXBuildFile; fileRef = 04D52FC72A8CC57F00E3BC03 /* DeleteProduct.swift */; };
		04D52FCA2A8CC59900E3BC03 /* CheckProduct.swift in Sources */ = {isa = PBXBuildFile; fileRef = 04D52FC92A8CC59900E3BC03 /* CheckProduct.swift */; };
		04D52FD12A8E0B3500E3BC03 /* DetailsViewComposer.swift in Sources */ = {isa = PBXBuildFile; fileRef = 04D52FD02A8E0B3500E3BC03 /* DetailsViewComposer.swift */; };
		04D52FD52A8E28B700E3BC03 /* ProductsUIComposer.swift in Sources */ = {isa = PBXBuildFile; fileRef = 04D52FD42A8E28B700E3BC03 /* ProductsUIComposer.swift */; };
		04D52FDA2A8E321F00E3BC03 /* LikedProductCollectionViewCell.swift in Sources */ = {isa = PBXBuildFile; fileRef = 04D52FD92A8E321F00E3BC03 /* LikedProductCollectionViewCell.swift */; };
		04D52FEB2A8F6B8E00E3BC03 /* CartViewController.storyboard in Resources */ = {isa = PBXBuildFile; fileRef = 04D52FEA2A8F6B8E00E3BC03 /* CartViewController.storyboard */; };
		04D52FED2A8F6C5500E3BC03 /* CartViewComposer.swift in Sources */ = {isa = PBXBuildFile; fileRef = 04D52FEC2A8F6C5500E3BC03 /* CartViewComposer.swift */; };
		04D52FEF2A8F76DB00E3BC03 /* CartCell.swift in Sources */ = {isa = PBXBuildFile; fileRef = 04D52FEE2A8F76DB00E3BC03 /* CartCell.swift */; };
		04D52FFA2A8F821500E3BC03 /* MOCartedProduct+CoreDataClass.swift in Sources */ = {isa = PBXBuildFile; fileRef = 04D52FF82A8F821500E3BC03 /* MOCartedProduct+CoreDataClass.swift */; };
		04D52FFD2A8F860E00E3BC03 /* CoreDataCartedProductsStore.swift in Sources */ = {isa = PBXBuildFile; fileRef = 04D52FFC2A8F860E00E3BC03 /* CoreDataCartedProductsStore.swift */; };
		04D530012A93654800E3BC03 /* CartProductsLoader.swift in Sources */ = {isa = PBXBuildFile; fileRef = 04D530002A93654800E3BC03 /* CartProductsLoader.swift */; };
/* End PBXBuildFile section */

/* Begin PBXFileReference section */
		04D52F4C2A5FF01E00E3BC03 /* FakeStoreProject.app */ = {isa = PBXFileReference; explicitFileType = wrapper.application; includeInIndex = 0; path = FakeStoreProject.app; sourceTree = BUILT_PRODUCTS_DIR; };
		04D52F4F2A5FF01E00E3BC03 /* AppDelegate.swift */ = {isa = PBXFileReference; lastKnownFileType = sourcecode.swift; path = AppDelegate.swift; sourceTree = "<group>"; };
		04D52F512A5FF01E00E3BC03 /* SceneDelegate.swift */ = {isa = PBXFileReference; lastKnownFileType = sourcecode.swift; path = SceneDelegate.swift; sourceTree = "<group>"; };
		04D52F532A5FF01E00E3BC03 /* ProductsViewController.swift */ = {isa = PBXFileReference; lastKnownFileType = sourcecode.swift; path = ProductsViewController.swift; sourceTree = "<group>"; };
		04D52F582A5FF01F00E3BC03 /* Assets.xcassets */ = {isa = PBXFileReference; lastKnownFileType = folder.assetcatalog; path = Assets.xcassets; sourceTree = "<group>"; };
		04D52F5B2A5FF01F00E3BC03 /* Base */ = {isa = PBXFileReference; lastKnownFileType = file.storyboard; name = Base; path = Base.lproj/LaunchScreen.storyboard; sourceTree = "<group>"; };
		04D52F5D2A5FF01F00E3BC03 /* Info.plist */ = {isa = PBXFileReference; lastKnownFileType = text.plist.xml; path = Info.plist; sourceTree = "<group>"; };
		04D52F642A5FF0C700E3BC03 /* RemoteProduct.swift */ = {isa = PBXFileReference; lastKnownFileType = sourcecode.swift; path = RemoteProduct.swift; sourceTree = "<group>"; };
		04D52F682A5FFAC100E3BC03 /* ProductCell.swift */ = {isa = PBXFileReference; lastKnownFileType = sourcecode.swift; path = ProductCell.swift; sourceTree = "<group>"; };
		04D52F6C2A60066300E3BC03 /* ProductsViewController.storyboard */ = {isa = PBXFileReference; lastKnownFileType = file.storyboard; path = ProductsViewController.storyboard; sourceTree = "<group>"; };
		04D52F6E2A60352100E3BC03 /* RemoteProductsLoader.swift */ = {isa = PBXFileReference; lastKnownFileType = sourcecode.swift; path = RemoteProductsLoader.swift; sourceTree = "<group>"; };
		04D52F702A6041DC00E3BC03 /* UIImageView+Extensions.swift */ = {isa = PBXFileReference; lastKnownFileType = sourcecode.swift; path = "UIImageView+Extensions.swift"; sourceTree = "<group>"; };
		04D52F762A6133B800E3BC03 /* ProductsLoader.swift */ = {isa = PBXFileReference; lastKnownFileType = sourcecode.swift; path = ProductsLoader.swift; sourceTree = "<group>"; };
		04D52F782A6137ED00E3BC03 /* DetailsViewController.swift */ = {isa = PBXFileReference; lastKnownFileType = sourcecode.swift; path = DetailsViewController.swift; sourceTree = "<group>"; };
		04D52F7C2A65589700E3BC03 /* DetailsViewController.storyboard */ = {isa = PBXFileReference; lastKnownFileType = file.storyboard; path = DetailsViewController.storyboard; sourceTree = "<group>"; };
		04D52F7E2A66782800E3BC03 /* CartProduct.swift */ = {isa = PBXFileReference; lastKnownFileType = sourcecode.swift; path = CartProduct.swift; sourceTree = "<group>"; };
		04D52FA42A67C1E700E3BC03 /* FakeStoreProjectDataModel.xcdatamodel */ = {isa = PBXFileReference; lastKnownFileType = wrapper.xcdatamodel; path = FakeStoreProjectDataModel.xcdatamodel; sourceTree = "<group>"; };
		04D52FA62A6914BA00E3BC03 /* TabViewController.swift */ = {isa = PBXFileReference; lastKnownFileType = sourcecode.swift; path = TabViewController.swift; sourceTree = "<group>"; };
		04D52FA82A69162B00E3BC03 /* LikedProductsViewController.swift */ = {isa = PBXFileReference; lastKnownFileType = sourcecode.swift; path = LikedProductsViewController.swift; sourceTree = "<group>"; };
		04D52FAA2A69163D00E3BC03 /* CartViewController.swift */ = {isa = PBXFileReference; lastKnownFileType = sourcecode.swift; path = CartViewController.swift; sourceTree = "<group>"; };
		04D52FB72A6E6E9E00E3BC03 /* Product.swift */ = {isa = PBXFileReference; fileEncoding = 4; lastKnownFileType = sourcecode.swift; path = Product.swift; sourceTree = "<group>"; };
		04D52FBD2A6E71BB00E3BC03 /* LikedProduct+CoreDataClass.swift */ = {isa = PBXFileReference; lastKnownFileType = sourcecode.swift; path = "LikedProduct+CoreDataClass.swift"; sourceTree = "<group>"; };
		04D52FC32A8CBE6200E3BC03 /* AddProduct.swift */ = {isa = PBXFileReference; lastKnownFileType = sourcecode.swift; path = AddProduct.swift; sourceTree = "<group>"; };
		04D52FC52A8CBFAD00E3BC03 /* CoreDataLikedProductsStore.swift */ = {isa = PBXFileReference; lastKnownFileType = sourcecode.swift; path = CoreDataLikedProductsStore.swift; sourceTree = "<group>"; };
		04D52FC72A8CC57F00E3BC03 /* DeleteProduct.swift */ = {isa = PBXFileReference; lastKnownFileType = sourcecode.swift; path = DeleteProduct.swift; sourceTree = "<group>"; };
		04D52FC92A8CC59900E3BC03 /* CheckProduct.swift */ = {isa = PBXFileReference; lastKnownFileType = sourcecode.swift; path = CheckProduct.swift; sourceTree = "<group>"; };
		04D52FD02A8E0B3500E3BC03 /* DetailsViewComposer.swift */ = {isa = PBXFileReference; lastKnownFileType = sourcecode.swift; path = DetailsViewComposer.swift; sourceTree = "<group>"; };
		04D52FD42A8E28B700E3BC03 /* ProductsUIComposer.swift */ = {isa = PBXFileReference; lastKnownFileType = sourcecode.swift; path = ProductsUIComposer.swift; sourceTree = "<group>"; };
		04D52FD92A8E321F00E3BC03 /* LikedProductCollectionViewCell.swift */ = {isa = PBXFileReference; lastKnownFileType = sourcecode.swift; path = LikedProductCollectionViewCell.swift; sourceTree = "<group>"; };
		04D52FEA2A8F6B8E00E3BC03 /* CartViewController.storyboard */ = {isa = PBXFileReference; lastKnownFileType = file.storyboard; path = CartViewController.storyboard; sourceTree = "<group>"; };
		04D52FEC2A8F6C5500E3BC03 /* CartViewComposer.swift */ = {isa = PBXFileReference; lastKnownFileType = sourcecode.swift; path = CartViewComposer.swift; sourceTree = "<group>"; };
		04D52FEE2A8F76DB00E3BC03 /* CartCell.swift */ = {isa = PBXFileReference; lastKnownFileType = sourcecode.swift; path = CartCell.swift; sourceTree = "<group>"; };
		04D52FF82A8F821500E3BC03 /* MOCartedProduct+CoreDataClass.swift */ = {isa = PBXFileReference; lastKnownFileType = sourcecode.swift; path = "MOCartedProduct+CoreDataClass.swift"; sourceTree = "<group>"; };
		04D52FFC2A8F860E00E3BC03 /* CoreDataCartedProductsStore.swift */ = {isa = PBXFileReference; lastKnownFileType = sourcecode.swift; path = CoreDataCartedProductsStore.swift; sourceTree = "<group>"; };
		04D530002A93654800E3BC03 /* CartProductsLoader.swift */ = {isa = PBXFileReference; lastKnownFileType = sourcecode.swift; path = CartProductsLoader.swift; sourceTree = "<group>"; };
/* End PBXFileReference section */

/* Begin PBXFrameworksBuildPhase section */
		04D52F492A5FF01E00E3BC03 /* Frameworks */ = {
			isa = PBXFrameworksBuildPhase;
			buildActionMask = 2147483647;
			files = (
			);
			runOnlyForDeploymentPostprocessing = 0;
		};
/* End PBXFrameworksBuildPhase section */

/* Begin PBXGroup section */
		04D52F432A5FF01E00E3BC03 = {
			isa = PBXGroup;
			children = (
				04D52F4E2A5FF01E00E3BC03 /* FakeStoreProject */,
				04D52F4D2A5FF01E00E3BC03 /* Products */,
			);
			sourceTree = "<group>";
		};
		04D52F4D2A5FF01E00E3BC03 /* Products */ = {
			isa = PBXGroup;
			children = (
				04D52F4C2A5FF01E00E3BC03 /* FakeStoreProject.app */,
			);
			name = Products;
			sourceTree = "<group>";
		};
		04D52F4E2A5FF01E00E3BC03 /* FakeStoreProject */ = {
			isa = PBXGroup;
			children = (
				04D52F5D2A5FF01F00E3BC03 /* Info.plist */,
				04D52FE12A8F631200E3BC03 /* LikedProducts */,
				04D52F632A5FF0BE00E3BC03 /* Cart */,
				04D52FDD2A8F627C00E3BC03 /* Products */,
				04D52F672A5FF14200E3BC03 /* Resources */,
				04D52FCB2A8CC5ED00E3BC03 /* Protocols */,
				04D52FD82A8E2B0200E3BC03 /* Composers */,
				04D52F662A5FF13500E3BC03 /* Controllers */,
			);
			path = FakeStoreProject;
			sourceTree = "<group>";
		};
		04D52F632A5FF0BE00E3BC03 /* Cart */ = {
			isa = PBXGroup;
			children = (
				04D52FE62A8F643500E3BC03 /* Domain */,
				04D52FE52A8F643100E3BC03 /* Cache */,
			);
			path = Cart;
			sourceTree = "<group>";
		};
		04D52F662A5FF13500E3BC03 /* Controllers */ = {
			isa = PBXGroup;
			children = (
				04D52FA62A6914BA00E3BC03 /* TabViewController.swift */,
				04D52FE92A8F645A00E3BC03 /* Cart */,
				04D52FE82A8F645200E3BC03 /* Home */,
				04D52FCC2A8CE71600E3BC03 /* LikedProducts */,
			);
			path = Controllers;
			sourceTree = "<group>";
		};
		04D52F672A5FF14200E3BC03 /* Resources */ = {
			isa = PBXGroup;
			children = (
				04D52F702A6041DC00E3BC03 /* UIImageView+Extensions.swift */,
				04D52F4F2A5FF01E00E3BC03 /* AppDelegate.swift */,
				04D52F512A5FF01E00E3BC03 /* SceneDelegate.swift */,
				04D52F582A5FF01F00E3BC03 /* Assets.xcassets */,
				04D52F5A2A5FF01F00E3BC03 /* LaunchScreen.storyboard */,
			);
			path = Resources;
			sourceTree = "<group>";
		};
		04D52FCB2A8CC5ED00E3BC03 /* Protocols */ = {
			isa = PBXGroup;
			children = (
				04D52F762A6133B800E3BC03 /* ProductsLoader.swift */,
				04D52FC32A8CBE6200E3BC03 /* AddProduct.swift */,
				04D52FC72A8CC57F00E3BC03 /* DeleteProduct.swift */,
				04D52FC92A8CC59900E3BC03 /* CheckProduct.swift */,
				04D530002A93654800E3BC03 /* CartProductsLoader.swift */,
			);
			path = Protocols;
			sourceTree = "<group>";
		};
		04D52FCC2A8CE71600E3BC03 /* LikedProducts */ = {
			isa = PBXGroup;
			children = (
				04D52FA82A69162B00E3BC03 /* LikedProductsViewController.swift */,
				04D52FD92A8E321F00E3BC03 /* LikedProductCollectionViewCell.swift */,
			);
			path = LikedProducts;
			sourceTree = "<group>";
		};
		04D52FD82A8E2B0200E3BC03 /* Composers */ = {
			isa = PBXGroup;
			children = (
				04D52FD42A8E28B700E3BC03 /* ProductsUIComposer.swift */,
				04D52FD02A8E0B3500E3BC03 /* DetailsViewComposer.swift */,
				04D52FEC2A8F6C5500E3BC03 /* CartViewComposer.swift */,
			);
			path = Composers;
			sourceTree = "<group>";
		};
		04D52FDD2A8F627C00E3BC03 /* Products */ = {
			isa = PBXGroup;
			children = (
				04D52FE02A8F62B600E3BC03 /* API */,
				04D52FDF2A8F62B100E3BC03 /* Cache */,
				04D52FDE2A8F62A900E3BC03 /* Domain */,
			);
			path = Products;
			sourceTree = "<group>";
		};
		04D52FDE2A8F62A900E3BC03 /* Domain */ = {
			isa = PBXGroup;
			children = (
				04D52F682A5FFAC100E3BC03 /* ProductCell.swift */,
				04D52F642A5FF0C700E3BC03 /* RemoteProduct.swift */,
				04D52FB72A6E6E9E00E3BC03 /* Product.swift */,
			);
			path = Domain;
			sourceTree = "<group>";
		};
		04D52FDF2A8F62B100E3BC03 /* Cache */ = {
			isa = PBXGroup;
			children = (
			);
			path = Cache;
			sourceTree = "<group>";
		};
		04D52FE02A8F62B600E3BC03 /* API */ = {
			isa = PBXGroup;
			children = (
				04D52F6E2A60352100E3BC03 /* RemoteProductsLoader.swift */,
			);
			path = API;
			sourceTree = "<group>";
		};
		04D52FE12A8F631200E3BC03 /* LikedProducts */ = {
			isa = PBXGroup;
			children = (
				04D52FE42A8F63C000E3BC03 /* Domain */,
				04D52FE32A8F63BB00E3BC03 /* Cache */,
			);
			path = LikedProducts;
			sourceTree = "<group>";
		};
		04D52FE32A8F63BB00E3BC03 /* Cache */ = {
			isa = PBXGroup;
			children = (
				04D52FA32A67C1E700E3BC03 /* FakeStoreProjectDataModel.xcdatamodeld */,
				04D52FC52A8CBFAD00E3BC03 /* CoreDataLikedProductsStore.swift */,
			);
			path = Cache;
			sourceTree = "<group>";
		};
		04D52FE42A8F63C000E3BC03 /* Domain */ = {
			isa = PBXGroup;
			children = (
				04D52FBD2A6E71BB00E3BC03 /* LikedProduct+CoreDataClass.swift */,
			);
			path = Domain;
			sourceTree = "<group>";
		};
		04D52FE52A8F643100E3BC03 /* Cache */ = {
			isa = PBXGroup;
			children = (
				04D52FFC2A8F860E00E3BC03 /* CoreDataCartedProductsStore.swift */,
			);
			path = Cache;
			sourceTree = "<group>";
		};
		04D52FE62A8F643500E3BC03 /* Domain */ = {
			isa = PBXGroup;
			children = (
				04D52FF82A8F821500E3BC03 /* MOCartedProduct+CoreDataClass.swift */,
				04D52F7E2A66782800E3BC03 /* CartProduct.swift */,
				04D52FEE2A8F76DB00E3BC03 /* CartCell.swift */,
			);
			path = Domain;
			sourceTree = "<group>";
		};
		04D52FE82A8F645200E3BC03 /* Home */ = {
			isa = PBXGroup;
			children = (
				04D52F782A6137ED00E3BC03 /* DetailsViewController.swift */,
				04D52F7C2A65589700E3BC03 /* DetailsViewController.storyboard */,
				04D52F532A5FF01E00E3BC03 /* ProductsViewController.swift */,
				04D52F6C2A60066300E3BC03 /* ProductsViewController.storyboard */,
			);
			path = Home;
			sourceTree = "<group>";
		};
		04D52FE92A8F645A00E3BC03 /* Cart */ = {
			isa = PBXGroup;
			children = (
				04D52FAA2A69163D00E3BC03 /* CartViewController.swift */,
				04D52FEA2A8F6B8E00E3BC03 /* CartViewController.storyboard */,
			);
			path = Cart;
			sourceTree = "<group>";
		};
/* End PBXGroup section */

/* Begin PBXNativeTarget section */
		04D52F4B2A5FF01E00E3BC03 /* FakeStoreProject */ = {
			isa = PBXNativeTarget;
			buildConfigurationList = 04D52F602A5FF01F00E3BC03 /* Build configuration list for PBXNativeTarget "FakeStoreProject" */;
			buildPhases = (
				04D52F482A5FF01E00E3BC03 /* Sources */,
				04D52F492A5FF01E00E3BC03 /* Frameworks */,
				04D52F4A2A5FF01E00E3BC03 /* Resources */,
			);
			buildRules = (
			);
			dependencies = (
			);
			name = FakeStoreProject;
			productName = FakeStoreProject;
			productReference = 04D52F4C2A5FF01E00E3BC03 /* FakeStoreProject.app */;
			productType = "com.apple.product-type.application";
		};
/* End PBXNativeTarget section */

/* Begin PBXProject section */
		04D52F442A5FF01E00E3BC03 /* Project object */ = {
			isa = PBXProject;
			attributes = {
				BuildIndependentTargetsInParallel = 1;
				LastSwiftUpdateCheck = 1430;
				LastUpgradeCheck = 1430;
				TargetAttributes = {
					04D52F4B2A5FF01E00E3BC03 = {
						CreatedOnToolsVersion = 14.3.1;
					};
				};
			};
			buildConfigurationList = 04D52F472A5FF01E00E3BC03 /* Build configuration list for PBXProject "FakeStoreProject" */;
			compatibilityVersion = "Xcode 14.0";
			developmentRegion = en;
			hasScannedForEncodings = 0;
			knownRegions = (
				en,
				Base,
			);
			mainGroup = 04D52F432A5FF01E00E3BC03;
			productRefGroup = 04D52F4D2A5FF01E00E3BC03 /* Products */;
			projectDirPath = "";
			projectRoot = "";
			targets = (
				04D52F4B2A5FF01E00E3BC03 /* FakeStoreProject */,
			);
		};
/* End PBXProject section */

/* Begin PBXResourcesBuildPhase section */
		04D52F4A2A5FF01E00E3BC03 /* Resources */ = {
			isa = PBXResourcesBuildPhase;
			buildActionMask = 2147483647;
			files = (
				04D52F5C2A5FF01F00E3BC03 /* LaunchScreen.storyboard in Resources */,
				04D52F592A5FF01F00E3BC03 /* Assets.xcassets in Resources */,
				04D52F6D2A60066300E3BC03 /* ProductsViewController.storyboard in Resources */,
				04D52F7D2A65589700E3BC03 /* DetailsViewController.storyboard in Resources */,
				04D52FEB2A8F6B8E00E3BC03 /* CartViewController.storyboard in Resources */,
			);
			runOnlyForDeploymentPostprocessing = 0;
		};
/* End PBXResourcesBuildPhase section */

/* Begin PBXSourcesBuildPhase section */
		04D52F482A5FF01E00E3BC03 /* Sources */ = {
			isa = PBXSourcesBuildPhase;
			buildActionMask = 2147483647;
			files = (
				04D530012A93654800E3BC03 /* CartProductsLoader.swift in Sources */,
				04D52FFA2A8F821500E3BC03 /* MOCartedProduct+CoreDataClass.swift in Sources */,
				04D52FA72A6914BA00E3BC03 /* TabViewController.swift in Sources */,
				04D52F6A2A5FFAC100E3BC03 /* ProductCell.swift in Sources */,
				04D52FBF2A6E71BB00E3BC03 /* LikedProduct+CoreDataClass.swift in Sources */,
				04D52FAB2A69163D00E3BC03 /* CartViewController.swift in Sources */,
				04D52FC62A8CBFAD00E3BC03 /* CoreDataLikedProductsStore.swift in Sources */,
				04D52FC82A8CC57F00E3BC03 /* DeleteProduct.swift in Sources */,
				04D52FEF2A8F76DB00E3BC03 /* CartCell.swift in Sources */,
				04D52FED2A8F6C5500E3BC03 /* CartViewComposer.swift in Sources */,
				04D52FA92A69162B00E3BC03 /* LikedProductsViewController.swift in Sources */,
				04D52F712A6041DC00E3BC03 /* UIImageView+Extensions.swift in Sources */,
				04D52FCA2A8CC59900E3BC03 /* CheckProduct.swift in Sources */,
				04D52FD52A8E28B700E3BC03 /* ProductsUIComposer.swift in Sources */,
				04D52FB82A6E6E9E00E3BC03 /* Product.swift in Sources */,
				04D52FDA2A8E321F00E3BC03 /* LikedProductCollectionViewCell.swift in Sources */,
				04D52F792A6137ED00E3BC03 /* DetailsViewController.swift in Sources */,
				04D52F772A6133B800E3BC03 /* ProductsLoader.swift in Sources */,
				04D52F542A5FF01E00E3BC03 /* ProductsViewController.swift in Sources */,
				04D52FC42A8CBE6200E3BC03 /* AddProduct.swift in Sources */,
				04D52F652A5FF0C700E3BC03 /* RemoteProduct.swift in Sources */,
				04D52F502A5FF01E00E3BC03 /* AppDelegate.swift in Sources */,
				04D52FFD2A8F860E00E3BC03 /* CoreDataCartedProductsStore.swift in Sources */,
				04D52F7F2A66782800E3BC03 /* CartProduct.swift in Sources */,
				04D52FA52A67C1E700E3BC03 /* FakeStoreProjectDataModel.xcdatamodeld in Sources */,
				04D52F6F2A60352100E3BC03 /* RemoteProductsLoader.swift in Sources */,
				04D52F522A5FF01E00E3BC03 /* SceneDelegate.swift in Sources */,
				04D52FD12A8E0B3500E3BC03 /* DetailsViewComposer.swift in Sources */,
			);
			runOnlyForDeploymentPostprocessing = 0;
		};
/* End PBXSourcesBuildPhase section */

/* Begin PBXVariantGroup section */
		04D52F5A2A5FF01F00E3BC03 /* LaunchScreen.storyboard */ = {
			isa = PBXVariantGroup;
			children = (
				04D52F5B2A5FF01F00E3BC03 /* Base */,
			);
			name = LaunchScreen.storyboard;
			sourceTree = "<group>";
		};
/* End PBXVariantGroup section */

/* Begin XCBuildConfiguration section */
		04D52F5E2A5FF01F00E3BC03 /* Debug */ = {
			isa = XCBuildConfiguration;
			buildSettings = {
				ALWAYS_SEARCH_USER_PATHS = NO;
				CLANG_ANALYZER_NONNULL = YES;
				CLANG_ANALYZER_NUMBER_OBJECT_CONVERSION = YES_AGGRESSIVE;
				CLANG_CXX_LANGUAGE_STANDARD = "gnu++20";
				CLANG_ENABLE_MODULES = YES;
				CLANG_ENABLE_OBJC_ARC = YES;
				CLANG_ENABLE_OBJC_WEAK = YES;
				CLANG_WARN_BLOCK_CAPTURE_AUTORELEASING = YES;
				CLANG_WARN_BOOL_CONVERSION = YES;
				CLANG_WARN_COMMA = YES;
				CLANG_WARN_CONSTANT_CONVERSION = YES;
				CLANG_WARN_DEPRECATED_OBJC_IMPLEMENTATIONS = YES;
				CLANG_WARN_DIRECT_OBJC_ISA_USAGE = YES_ERROR;
				CLANG_WARN_DOCUMENTATION_COMMENTS = YES;
				CLANG_WARN_EMPTY_BODY = YES;
				CLANG_WARN_ENUM_CONVERSION = YES;
				CLANG_WARN_INFINITE_RECURSION = YES;
				CLANG_WARN_INT_CONVERSION = YES;
				CLANG_WARN_NON_LITERAL_NULL_CONVERSION = YES;
				CLANG_WARN_OBJC_IMPLICIT_RETAIN_SELF = YES;
				CLANG_WARN_OBJC_LITERAL_CONVERSION = YES;
				CLANG_WARN_OBJC_ROOT_CLASS = YES_ERROR;
				CLANG_WARN_QUOTED_INCLUDE_IN_FRAMEWORK_HEADER = YES;
				CLANG_WARN_RANGE_LOOP_ANALYSIS = YES;
				CLANG_WARN_STRICT_PROTOTYPES = YES;
				CLANG_WARN_SUSPICIOUS_MOVE = YES;
				CLANG_WARN_UNGUARDED_AVAILABILITY = YES_AGGRESSIVE;
				CLANG_WARN_UNREACHABLE_CODE = YES;
				CLANG_WARN__DUPLICATE_METHOD_MATCH = YES;
				COPY_PHASE_STRIP = NO;
				DEBUG_INFORMATION_FORMAT = dwarf;
				ENABLE_STRICT_OBJC_MSGSEND = YES;
				ENABLE_TESTABILITY = YES;
				GCC_C_LANGUAGE_STANDARD = gnu11;
				GCC_DYNAMIC_NO_PIC = NO;
				GCC_NO_COMMON_BLOCKS = YES;
				GCC_OPTIMIZATION_LEVEL = 0;
				GCC_PREPROCESSOR_DEFINITIONS = (
					"DEBUG=1",
					"$(inherited)",
				);
				GCC_WARN_64_TO_32_BIT_CONVERSION = YES;
				GCC_WARN_ABOUT_RETURN_TYPE = YES_ERROR;
				GCC_WARN_UNDECLARED_SELECTOR = YES;
				GCC_WARN_UNINITIALIZED_AUTOS = YES_AGGRESSIVE;
				GCC_WARN_UNUSED_FUNCTION = YES;
				GCC_WARN_UNUSED_VARIABLE = YES;
				IPHONEOS_DEPLOYMENT_TARGET = 16.4;
				MTL_ENABLE_DEBUG_INFO = INCLUDE_SOURCE;
				MTL_FAST_MATH = YES;
				ONLY_ACTIVE_ARCH = YES;
				SDKROOT = iphoneos;
				SWIFT_ACTIVE_COMPILATION_CONDITIONS = DEBUG;
				SWIFT_OPTIMIZATION_LEVEL = "-Onone";
			};
			name = Debug;
		};
		04D52F5F2A5FF01F00E3BC03 /* Release */ = {
			isa = XCBuildConfiguration;
			buildSettings = {
				ALWAYS_SEARCH_USER_PATHS = NO;
				CLANG_ANALYZER_NONNULL = YES;
				CLANG_ANALYZER_NUMBER_OBJECT_CONVERSION = YES_AGGRESSIVE;
				CLANG_CXX_LANGUAGE_STANDARD = "gnu++20";
				CLANG_ENABLE_MODULES = YES;
				CLANG_ENABLE_OBJC_ARC = YES;
				CLANG_ENABLE_OBJC_WEAK = YES;
				CLANG_WARN_BLOCK_CAPTURE_AUTORELEASING = YES;
				CLANG_WARN_BOOL_CONVERSION = YES;
				CLANG_WARN_COMMA = YES;
				CLANG_WARN_CONSTANT_CONVERSION = YES;
				CLANG_WARN_DEPRECATED_OBJC_IMPLEMENTATIONS = YES;
				CLANG_WARN_DIRECT_OBJC_ISA_USAGE = YES_ERROR;
				CLANG_WARN_DOCUMENTATION_COMMENTS = YES;
				CLANG_WARN_EMPTY_BODY = YES;
				CLANG_WARN_ENUM_CONVERSION = YES;
				CLANG_WARN_INFINITE_RECURSION = YES;
				CLANG_WARN_INT_CONVERSION = YES;
				CLANG_WARN_NON_LITERAL_NULL_CONVERSION = YES;
				CLANG_WARN_OBJC_IMPLICIT_RETAIN_SELF = YES;
				CLANG_WARN_OBJC_LITERAL_CONVERSION = YES;
				CLANG_WARN_OBJC_ROOT_CLASS = YES_ERROR;
				CLANG_WARN_QUOTED_INCLUDE_IN_FRAMEWORK_HEADER = YES;
				CLANG_WARN_RANGE_LOOP_ANALYSIS = YES;
				CLANG_WARN_STRICT_PROTOTYPES = YES;
				CLANG_WARN_SUSPICIOUS_MOVE = YES;
				CLANG_WARN_UNGUARDED_AVAILABILITY = YES_AGGRESSIVE;
				CLANG_WARN_UNREACHABLE_CODE = YES;
				CLANG_WARN__DUPLICATE_METHOD_MATCH = YES;
				COPY_PHASE_STRIP = NO;
				DEBUG_INFORMATION_FORMAT = "dwarf-with-dsym";
				ENABLE_NS_ASSERTIONS = NO;
				ENABLE_STRICT_OBJC_MSGSEND = YES;
				GCC_C_LANGUAGE_STANDARD = gnu11;
				GCC_NO_COMMON_BLOCKS = YES;
				GCC_WARN_64_TO_32_BIT_CONVERSION = YES;
				GCC_WARN_ABOUT_RETURN_TYPE = YES_ERROR;
				GCC_WARN_UNDECLARED_SELECTOR = YES;
				GCC_WARN_UNINITIALIZED_AUTOS = YES_AGGRESSIVE;
				GCC_WARN_UNUSED_FUNCTION = YES;
				GCC_WARN_UNUSED_VARIABLE = YES;
				IPHONEOS_DEPLOYMENT_TARGET = 16.4;
				MTL_ENABLE_DEBUG_INFO = NO;
				MTL_FAST_MATH = YES;
				SDKROOT = iphoneos;
				SWIFT_COMPILATION_MODE = wholemodule;
				SWIFT_OPTIMIZATION_LEVEL = "-O";
				VALIDATE_PRODUCT = YES;
			};
			name = Release;
		};
		04D52F612A5FF01F00E3BC03 /* Debug */ = {
			isa = XCBuildConfiguration;
			buildSettings = {
				ASSETCATALOG_COMPILER_APPICON_NAME = AppIcon;
				ASSETCATALOG_COMPILER_GLOBAL_ACCENT_COLOR_NAME = AccentColor;
				CODE_SIGN_STYLE = Automatic;
				CURRENT_PROJECT_VERSION = 1;
				GENERATE_INFOPLIST_FILE = YES;
				INFOPLIST_FILE = FakeStoreProject/Info.plist;
				INFOPLIST_KEY_UIApplicationSupportsIndirectInputEvents = YES;
				INFOPLIST_KEY_UILaunchStoryboardName = LaunchScreen;
				INFOPLIST_KEY_UISupportedInterfaceOrientations_iPad = "UIInterfaceOrientationPortrait UIInterfaceOrientationPortraitUpsideDown UIInterfaceOrientationLandscapeLeft UIInterfaceOrientationLandscapeRight";
				INFOPLIST_KEY_UISupportedInterfaceOrientations_iPhone = "UIInterfaceOrientationPortrait UIInterfaceOrientationLandscapeLeft UIInterfaceOrientationLandscapeRight";
				LD_RUNPATH_SEARCH_PATHS = (
					"$(inherited)",
					"@executable_path/Frameworks",
				);
				MARKETING_VERSION = 1.0;
				PRODUCT_BUNDLE_IDENTIFIER = com.fakestore.FakeStoreProject;
				PRODUCT_NAME = "$(TARGET_NAME)";
				SWIFT_EMIT_LOC_STRINGS = YES;
				SWIFT_VERSION = 5.0;
				TARGETED_DEVICE_FAMILY = "1,2";
			};
			name = Debug;
		};
		04D52F622A5FF01F00E3BC03 /* Release */ = {
			isa = XCBuildConfiguration;
			buildSettings = {
				ASSETCATALOG_COMPILER_APPICON_NAME = AppIcon;
				ASSETCATALOG_COMPILER_GLOBAL_ACCENT_COLOR_NAME = AccentColor;
				CODE_SIGN_STYLE = Automatic;
				CURRENT_PROJECT_VERSION = 1;
				GENERATE_INFOPLIST_FILE = YES;
				INFOPLIST_FILE = FakeStoreProject/Info.plist;
				INFOPLIST_KEY_UIApplicationSupportsIndirectInputEvents = YES;
				INFOPLIST_KEY_UILaunchStoryboardName = LaunchScreen;
				INFOPLIST_KEY_UISupportedInterfaceOrientations_iPad = "UIInterfaceOrientationPortrait UIInterfaceOrientationPortraitUpsideDown UIInterfaceOrientationLandscapeLeft UIInterfaceOrientationLandscapeRight";
				INFOPLIST_KEY_UISupportedInterfaceOrientations_iPhone = "UIInterfaceOrientationPortrait UIInterfaceOrientationLandscapeLeft UIInterfaceOrientationLandscapeRight";
				LD_RUNPATH_SEARCH_PATHS = (
					"$(inherited)",
					"@executable_path/Frameworks",
				);
				MARKETING_VERSION = 1.0;
				PRODUCT_BUNDLE_IDENTIFIER = com.fakestore.FakeStoreProject;
				PRODUCT_NAME = "$(TARGET_NAME)";
				SWIFT_EMIT_LOC_STRINGS = YES;
				SWIFT_VERSION = 5.0;
				TARGETED_DEVICE_FAMILY = "1,2";
			};
			name = Release;
		};
/* End XCBuildConfiguration section */

/* Begin XCConfigurationList section */
		04D52F472A5FF01E00E3BC03 /* Build configuration list for PBXProject "FakeStoreProject" */ = {
			isa = XCConfigurationList;
			buildConfigurations = (
				04D52F5E2A5FF01F00E3BC03 /* Debug */,
				04D52F5F2A5FF01F00E3BC03 /* Release */,
			);
			defaultConfigurationIsVisible = 0;
			defaultConfigurationName = Release;
		};
		04D52F602A5FF01F00E3BC03 /* Build configuration list for PBXNativeTarget "FakeStoreProject" */ = {
			isa = XCConfigurationList;
			buildConfigurations = (
				04D52F612A5FF01F00E3BC03 /* Debug */,
				04D52F622A5FF01F00E3BC03 /* Release */,
			);
			defaultConfigurationIsVisible = 0;
			defaultConfigurationName = Release;
		};
/* End XCConfigurationList section */

/* Begin XCVersionGroup section */
		04D52FA32A67C1E700E3BC03 /* FakeStoreProjectDataModel.xcdatamodeld */ = {
			isa = XCVersionGroup;
			children = (
				04D52FA42A67C1E700E3BC03 /* FakeStoreProjectDataModel.xcdatamodel */,
			);
			currentVersion = 04D52FA42A67C1E700E3BC03 /* FakeStoreProjectDataModel.xcdatamodel */;
			path = FakeStoreProjectDataModel.xcdatamodeld;
			sourceTree = "<group>";
			versionGroupType = wrapper.xcdatamodel;
		};
/* End XCVersionGroup section */
	};
	rootObject = 04D52F442A5FF01E00E3BC03 /* Project object */;
}
